// !$*UTF8*$!
{
	archiveVersion = 1;
	classes = {
	};
	objectVersion = 56;
	objects = {

/* Begin PBXBuildFile section */
		9DC98F3F2BAF0581006FA21F /* VibeMixApp.swift in Sources */ = {isa = PBXBuildFile; fileRef = 9DC98F3E2BAF0581006FA21F /* VibeMixApp.swift */; };
		9DC98F412BAF0581006FA21F /* ContentView.swift in Sources */ = {isa = PBXBuildFile; fileRef = 9DC98F402BAF0581006FA21F /* ContentView.swift */; };
		9DC98F432BAF0584006FA21F /* Assets.xcassets in Resources */ = {isa = PBXBuildFile; fileRef = 9DC98F422BAF0584006FA21F /* Assets.xcassets */; };
		9DC98F462BAF0584006FA21F /* Preview Assets.xcassets in Resources */ = {isa = PBXBuildFile; fileRef = 9DC98F452BAF0584006FA21F /* Preview Assets.xcassets */; };
		9DC98F482BAF0584006FA21F /* Persistence.swift in Sources */ = {isa = PBXBuildFile; fileRef = 9DC98F472BAF0584006FA21F /* Persistence.swift */; };
		9DC98F4B2BAF0584006FA21F /* VibeMix.xcdatamodeld in Sources */ = {isa = PBXBuildFile; fileRef = 9DC98F492BAF0584006FA21F /* VibeMix.xcdatamodeld */; };
		9DC98F522BAF1001006FA21F /* MoodPromptView.swift in Sources */ = {isa = PBXBuildFile; fileRef = 9DC98F512BAF1001006FA21F /* MoodPromptView.swift */; };
		9DC98F542BAF14D1006FA21F /* PlaylistView.swift in Sources */ = {isa = PBXBuildFile; fileRef = 9DC98F532BAF14D1006FA21F /* PlaylistView.swift */; };
/* End PBXBuildFile section */

/* Begin PBXFileReference section */
		9DC98F3B2BAF0581006FA21F /* VibeMix.app */ = {isa = PBXFileReference; explicitFileType = wrapper.application; includeInIndex = 0; path = VibeMix.app; sourceTree = BUILT_PRODUCTS_DIR; };
		9DC98F3E2BAF0581006FA21F /* VibeMixApp.swift */ = {isa = PBXFileReference; lastKnownFileType = sourcecode.swift; path = VibeMixApp.swift; sourceTree = "<group>"; };
		9DC98F402BAF0581006FA21F /* ContentView.swift */ = {isa = PBXFileReference; lastKnownFileType = sourcecode.swift; path = ContentView.swift; sourceTree = "<group>"; };
		9DC98F422BAF0584006FA21F /* Assets.xcassets */ = {isa = PBXFileReference; lastKnownFileType = folder.assetcatalog; path = Assets.xcassets; sourceTree = "<group>"; };
		9DC98F452BAF0584006FA21F /* Preview Assets.xcassets */ = {isa = PBXFileReference; lastKnownFileType = folder.assetcatalog; path = "Preview Assets.xcassets"; sourceTree = "<group>"; };
		9DC98F472BAF0584006FA21F /* Persistence.swift */ = {isa = PBXFileReference; lastKnownFileType = sourcecode.swift; path = Persistence.swift; sourceTree = "<group>"; };
		9DC98F4A2BAF0584006FA21F /* VibeMix.xcdatamodel */ = {isa = PBXFileReference; lastKnownFileType = wrapper.xcdatamodel; path = VibeMix.xcdatamodel; sourceTree = "<group>"; };
		9DC98F512BAF1001006FA21F /* MoodPromptView.swift */ = {isa = PBXFileReference; lastKnownFileType = sourcecode.swift; path = MoodPromptView.swift; sourceTree = "<group>"; };
		9DC98F532BAF14D1006FA21F /* PlaylistView.swift */ = {isa = PBXFileReference; lastKnownFileType = sourcecode.swift; path = PlaylistView.swift; sourceTree = "<group>"; };
		9DC98F5D2BAF29FF006FA21F /* Info.plist */ = {isa = PBXFileReference; lastKnownFileType = text.plist; path = Info.plist; sourceTree = "<group>"; };
/* End PBXFileReference section */

/* Begin PBXFrameworksBuildPhase section */
		9DC98F382BAF0581006FA21F /* Frameworks */ = {
			isa = PBXFrameworksBuildPhase;
			buildActionMask = 2147483647;
			files = (
			);
			runOnlyForDeploymentPostprocessing = 0;
		};
/* End PBXFrameworksBuildPhase section */

/* Begin PBXGroup section */
		9DC98F322BAF0581006FA21F = {
			isa = PBXGroup;
			children = (
				9DC98F3D2BAF0581006FA21F /* VibeMix */,
				9DC98F3C2BAF0581006FA21F /* Products */,
			);
			sourceTree = "<group>";
		};
		9DC98F3C2BAF0581006FA21F /* Products */ = {
			isa = PBXGroup;
			children = (
				9DC98F3B2BAF0581006FA21F /* VibeMix.app */,
			);
			name = Products;
			sourceTree = "<group>";
		};
		9DC98F3D2BAF0581006FA21F /* VibeMix */ = {
			isa = PBXGroup;
			children = (
				9DC98F5D2BAF29FF006FA21F /* Info.plist */,
				9DC98F3E2BAF0581006FA21F /* VibeMixApp.swift */,
				9DC98F402BAF0581006FA21F /* ContentView.swift */,
				9DC98F512BAF1001006FA21F /* MoodPromptView.swift */,
				9DC98F532BAF14D1006FA21F /* PlaylistView.swift */,
				9DC98F422BAF0584006FA21F /* Assets.xcassets */,
				9DC98F472BAF0584006FA21F /* Persistence.swift */,
				9DC98F492BAF0584006FA21F /* VibeMix.xcdatamodeld */,
				9DC98F442BAF0584006FA21F /* Preview Content */,
			);
			path = VibeMix;
			sourceTree = "<group>";
		};
		9DC98F442BAF0584006FA21F /* Preview Content */ = {
			isa = PBXGroup;
			children = (
				9DC98F452BAF0584006FA21F /* Preview Assets.xcassets */,
			);
			path = "Preview Content";
			sourceTree = "<group>";
		};
/* End PBXGroup section */

/* Begin PBXNativeTarget section */
		9DC98F3A2BAF0581006FA21F /* VibeMix */ = {
			isa = PBXNativeTarget;
			buildConfigurationList = 9DC98F4E2BAF0584006FA21F /* Build configuration list for PBXNativeTarget "VibeMix" */;
			buildPhases = (
				9DC98F372BAF0581006FA21F /* Sources */,
				9DC98F382BAF0581006FA21F /* Frameworks */,
				9DC98F392BAF0581006FA21F /* Resources */,
			);
			buildRules = (
			);
			dependencies = (
			);
			name = VibeMix;
			productName = VibeMix;
			productReference = 9DC98F3B2BAF0581006FA21F /* VibeMix.app */;
			productType = "com.apple.product-type.application";
		};
/* End PBXNativeTarget section */

/* Begin PBXProject section */
		9DC98F332BAF0581006FA21F /* Project object */ = {
			isa = PBXProject;
			attributes = {
				BuildIndependentTargetsInParallel = 1;
				LastSwiftUpdateCheck = 1530;
				LastUpgradeCheck = 1530;
				TargetAttributes = {
					9DC98F3A2BAF0581006FA21F = {
						CreatedOnToolsVersion = 15.3;
					};
				};
			};
			buildConfigurationList = 9DC98F362BAF0581006FA21F /* Build configuration list for PBXProject "VibeMix" */;
			compatibilityVersion = "Xcode 14.0";
			developmentRegion = en;
			hasScannedForEncodings = 0;
			knownRegions = (
				en,
				Base,
			);
			mainGroup = 9DC98F322BAF0581006FA21F;
			productRefGroup = 9DC98F3C2BAF0581006FA21F /* Products */;
			projectDirPath = "";
			projectRoot = "";
			targets = (
				9DC98F3A2BAF0581006FA21F /* VibeMix */,
			);
		};
/* End PBXProject section */

/* Begin PBXResourcesBuildPhase section */
		9DC98F392BAF0581006FA21F /* Resources */ = {
			isa = PBXResourcesBuildPhase;
			buildActionMask = 2147483647;
			files = (
				9DC98F462BAF0584006FA21F /* Preview Assets.xcassets in Resources */,
				9DC98F432BAF0584006FA21F /* Assets.xcassets in Resources */,
			);
			runOnlyForDeploymentPostprocessing = 0;
		};
/* End PBXResourcesBuildPhase section */

/* Begin PBXSourcesBuildPhase section */
		9DC98F372BAF0581006FA21F /* Sources */ = {
			isa = PBXSourcesBuildPhase;
			buildActionMask = 2147483647;
			files = (
				9DC98F542BAF14D1006FA21F /* PlaylistView.swift in Sources */,
				9DC98F4B2BAF0584006FA21F /* VibeMix.xcdatamodeld in Sources */,
				9DC98F482BAF0584006FA21F /* Persistence.swift in Sources */,
				9DC98F412BAF0581006FA21F /* ContentView.swift in Sources */,
				9DC98F3F2BAF0581006FA21F /* VibeMixApp.swift in Sources */,
				9DC98F522BAF1001006FA21F /* MoodPromptView.swift in Sources */,
			);
			runOnlyForDeploymentPostprocessing = 0;
		};
/* End PBXSourcesBuildPhase section */

/* Begin XCBuildConfiguration section */
		9DC98F4C2BAF0584006FA21F /* Debug */ = {
			isa = XCBuildConfiguration;
			buildSettings = {
				ALWAYS_SEARCH_USER_PATHS = NO;
				ASSETCATALOG_COMPILER_GENERATE_SWIFT_ASSET_SYMBOL_EXTENSIONS = YES;
				CLANG_ANALYZER_NONNULL = YES;
				CLANG_ANALYZER_NUMBER_OBJECT_CONVERSION = YES_AGGRESSIVE;
				CLANG_CXX_LANGUAGE_STANDARD = "gnu++20";
				CLANG_ENABLE_MODULES = YES;
				CLANG_ENABLE_OBJC_ARC = YES;
				CLANG_ENABLE_OBJC_WEAK = YES;
				CLANG_WARN_BLOCK_CAPTURE_AUTORELEASING = YES;
				CLANG_WARN_BOOL_CONVERSION = YES;
				CLANG_WARN_COMMA = YES;
				CLANG_WARN_CONSTANT_CONVERSION = YES;
				CLANG_WARN_DEPRECATED_OBJC_IMPLEMENTATIONS = YES;
				CLANG_WARN_DIRECT_OBJC_ISA_USAGE = YES_ERROR;
				CLANG_WARN_DOCUMENTATION_COMMENTS = YES;
				CLANG_WARN_EMPTY_BODY = YES;
				CLANG_WARN_ENUM_CONVERSION = YES;
				CLANG_WARN_INFINITE_RECURSION = YES;
				CLANG_WARN_INT_CONVERSION = YES;
				CLANG_WARN_NON_LITERAL_NULL_CONVERSION = YES;
				CLANG_WARN_OBJC_IMPLICIT_RETAIN_SELF = YES;
				CLANG_WARN_OBJC_LITERAL_CONVERSION = YES;
				CLANG_WARN_OBJC_ROOT_CLASS = YES_ERROR;
				CLANG_WARN_QUOTED_INCLUDE_IN_FRAMEWORK_HEADER = YES;
				CLANG_WARN_RANGE_LOOP_ANALYSIS = YES;
				CLANG_WARN_STRICT_PROTOTYPES = YES;
				CLANG_WARN_SUSPICIOUS_MOVE = YES;
				CLANG_WARN_UNGUARDED_AVAILABILITY = YES_AGGRESSIVE;
				CLANG_WARN_UNREACHABLE_CODE = YES;
				CLANG_WARN__DUPLICATE_METHOD_MATCH = YES;
				COPY_PHASE_STRIP = NO;
				DEBUG_INFORMATION_FORMAT = dwarf;
				ENABLE_STRICT_OBJC_MSGSEND = YES;
				ENABLE_TESTABILITY = YES;
				ENABLE_USER_SCRIPT_SANDBOXING = YES;
				GCC_C_LANGUAGE_STANDARD = gnu17;
				GCC_DYNAMIC_NO_PIC = NO;
				GCC_NO_COMMON_BLOCKS = YES;
				GCC_OPTIMIZATION_LEVEL = 0;
				GCC_PREPROCESSOR_DEFINITIONS = (
					"DEBUG=1",
					"$(inherited)",
				);
				GCC_WARN_64_TO_32_BIT_CONVERSION = YES;
				GCC_WARN_ABOUT_RETURN_TYPE = YES_ERROR;
				GCC_WARN_UNDECLARED_SELECTOR = YES;
				GCC_WARN_UNINITIALIZED_AUTOS = YES_AGGRESSIVE;
				GCC_WARN_UNUSED_FUNCTION = YES;
				GCC_WARN_UNUSED_VARIABLE = YES;
				IPHONEOS_DEPLOYMENT_TARGET = 17.4;
				LOCALIZATION_PREFERS_STRING_CATALOGS = YES;
				MTL_ENABLE_DEBUG_INFO = INCLUDE_SOURCE;
				MTL_FAST_MATH = YES;
				ONLY_ACTIVE_ARCH = YES;
				SDKROOT = iphoneos;
				SWIFT_ACTIVE_COMPILATION_CONDITIONS = "DEBUG $(inherited)";
				SWIFT_OPTIMIZATION_LEVEL = "-Onone";
			};
			name = Debug;
		};
		9DC98F4D2BAF0584006FA21F /* Release */ = {
			isa = XCBuildConfiguration;
			buildSettings = {
				ALWAYS_SEARCH_USER_PATHS = NO;
				ASSETCATALOG_COMPILER_GENERATE_SWIFT_ASSET_SYMBOL_EXTENSIONS = YES;
				CLANG_ANALYZER_NONNULL = YES;
				CLANG_ANALYZER_NUMBER_OBJECT_CONVERSION = YES_AGGRESSIVE;
				CLANG_CXX_LANGUAGE_STANDARD = "gnu++20";
				CLANG_ENABLE_MODULES = YES;
				CLANG_ENABLE_OBJC_ARC = YES;
				CLANG_ENABLE_OBJC_WEAK = YES;
				CLANG_WARN_BLOCK_CAPTURE_AUTORELEASING = YES;
				CLANG_WARN_BOOL_CONVERSION = YES;
				CLANG_WARN_COMMA = YES;
				CLANG_WARN_CONSTANT_CONVERSION = YES;
				CLANG_WARN_DEPRECATED_OBJC_IMPLEMENTATIONS = YES;
				CLANG_WARN_DIRECT_OBJC_ISA_USAGE = YES_ERROR;
				CLANG_WARN_DOCUMENTATION_COMMENTS = YES;
				CLANG_WARN_EMPTY_BODY = YES;
				CLANG_WARN_ENUM_CONVERSION = YES;
				CLANG_WARN_INFINITE_RECURSION = YES;
				CLANG_WARN_INT_CONVERSION = YES;
				CLANG_WARN_NON_LITERAL_NULL_CONVERSION = YES;
				CLANG_WARN_OBJC_IMPLICIT_RETAIN_SELF = YES;
				CLANG_WARN_OBJC_LITERAL_CONVERSION = YES;
				CLANG_WARN_OBJC_ROOT_CLASS = YES_ERROR;
				CLANG_WARN_QUOTED_INCLUDE_IN_FRAMEWORK_HEADER = YES;
				CLANG_WARN_RANGE_LOOP_ANALYSIS = YES;
				CLANG_WARN_STRICT_PROTOTYPES = YES;
				CLANG_WARN_SUSPICIOUS_MOVE = YES;
				CLANG_WARN_UNGUARDED_AVAILABILITY = YES_AGGRESSIVE;
				CLANG_WARN_UNREACHABLE_CODE = YES;
				CLANG_WARN__DUPLICATE_METHOD_MATCH = YES;
				COPY_PHASE_STRIP = NO;
				DEBUG_INFORMATION_FORMAT = "dwarf-with-dsym";
				ENABLE_NS_ASSERTIONS = NO;
				ENABLE_STRICT_OBJC_MSGSEND = YES;
				ENABLE_USER_SCRIPT_SANDBOXING = YES;
				GCC_C_LANGUAGE_STANDARD = gnu17;
				GCC_NO_COMMON_BLOCKS = YES;
				GCC_WARN_64_TO_32_BIT_CONVERSION = YES;
				GCC_WARN_ABOUT_RETURN_TYPE = YES_ERROR;
				GCC_WARN_UNDECLARED_SELECTOR = YES;
				GCC_WARN_UNINITIALIZED_AUTOS = YES_AGGRESSIVE;
				GCC_WARN_UNUSED_FUNCTION = YES;
				GCC_WARN_UNUSED_VARIABLE = YES;
				IPHONEOS_DEPLOYMENT_TARGET = 17.4;
				LOCALIZATION_PREFERS_STRING_CATALOGS = YES;
				MTL_ENABLE_DEBUG_INFO = NO;
				MTL_FAST_MATH = YES;
				SDKROOT = iphoneos;
				SWIFT_COMPILATION_MODE = wholemodule;
				VALIDATE_PRODUCT = YES;
			};
			name = Release;
		};
		9DC98F4F2BAF0584006FA21F /* Debug */ = {
			isa = XCBuildConfiguration;
			buildSettings = {
				ASSETCATALOG_COMPILER_APPICON_NAME = AppIcon;
				ASSETCATALOG_COMPILER_GLOBAL_ACCENT_COLOR_NAME = AccentColor;
				CODE_SIGN_STYLE = Automatic;
				CURRENT_PROJECT_VERSION = 1;
				DEVELOPMENT_ASSET_PATHS = "\"VibeMix/Preview Content\"";
				DEVELOPMENT_TEAM = 42VHV36Q58;
				ENABLE_PREVIEWS = YES;
				GENERATE_INFOPLIST_FILE = YES;
				INFOPLIST_FILE = VibeMix/Info.plist;
				INFOPLIST_KEY_NSAppleMusicUsageDescription = "We need to access your music library to give you curated playlists";
				INFOPLIST_KEY_UIApplicationSceneManifest_Generation = YES;
				INFOPLIST_KEY_UIApplicationSupportsIndirectInputEvents = YES;
				INFOPLIST_KEY_UILaunchScreen_Generation = YES;
				INFOPLIST_KEY_UISupportedInterfaceOrientations_iPad = "UIInterfaceOrientationPortrait UIInterfaceOrientationPortraitUpsideDown UIInterfaceOrientationLandscapeLeft UIInterfaceOrientationLandscapeRight";
				INFOPLIST_KEY_UISupportedInterfaceOrientations_iPhone = "UIInterfaceOrientationPortrait UIInterfaceOrientationLandscapeLeft UIInterfaceOrientationLandscapeRight";
				IPHONEOS_DEPLOYMENT_TARGET = 15.0;
				LD_RUNPATH_SEARCH_PATHS = (
					"$(inherited)",
					"@executable_path/Frameworks",
				);
				MARKETING_VERSION = 1.0;
				PRODUCT_BUNDLE_IDENTIFIER = com.christopherendress.VibeMix;
				PRODUCT_NAME = "$(TARGET_NAME)";
				SWIFT_EMIT_LOC_STRINGS = YES;
				SWIFT_VERSION = 5.0;
				TARGETED_DEVICE_FAMILY = "1,2";
			};
			name = Debug;
		};
		9DC98F502BAF0584006FA21F /* Release */ = {
			isa = XCBuildConfiguration;
			buildSettings = {
				ASSETCATALOG_COMPILER_APPICON_NAME = AppIcon;
				ASSETCATALOG_COMPILER_GLOBAL_ACCENT_COLOR_NAME = AccentColor;
				CODE_SIGN_STYLE = Automatic;
				CURRENT_PROJECT_VERSION = 1;
				DEVELOPMENT_ASSET_PATHS = "\"VibeMix/Preview Content\"";
				DEVELOPMENT_TEAM = 42VHV36Q58;
				ENABLE_PREVIEWS = YES;
				GENERATE_INFOPLIST_FILE = YES;
				INFOPLIST_FILE = VibeMix/Info.plist;
				INFOPLIST_KEY_NSAppleMusicUsageDescription = "We need to access your music library to give you curated playlists";
				INFOPLIST_KEY_UIApplicationSceneManifest_Generation = YES;
				INFOPLIST_KEY_UIApplicationSupportsIndirectInputEvents = YES;
				INFOPLIST_KEY_UILaunchScreen_Generation = YES;
				INFOPLIST_KEY_UISupportedInterfaceOrientations_iPad = "UIInterfaceOrientationPortrait UIInterfaceOrientationPortraitUpsideDown UIInterfaceOrientationLandscapeLeft UIInterfaceOrientationLandscapeRight";
				INFOPLIST_KEY_UISupportedInterfaceOrientations_iPhone = "UIInterfaceOrientationPortrait UIInterfaceOrientationLandscapeLeft UIInterfaceOrientationLandscapeRight";
				IPHONEOS_DEPLOYMENT_TARGET = 15.0;
				LD_RUNPATH_SEARCH_PATHS = (
					"$(inherited)",
					"@executable_path/Frameworks",
				);
				MARKETING_VERSION = 1.0;
				PRODUCT_BUNDLE_IDENTIFIER = com.christopherendress.VibeMix;
				PRODUCT_NAME = "$(TARGET_NAME)";
				SWIFT_EMIT_LOC_STRINGS = YES;
				SWIFT_VERSION = 5.0;
				TARGETED_DEVICE_FAMILY = "1,2";
			};
			name = Release;
		};
/* End XCBuildConfiguration section */

/* Begin XCConfigurationList section */
		9DC98F362BAF0581006FA21F /* Build configuration list for PBXProject "VibeMix" */ = {
			isa = XCConfigurationList;
			buildConfigurations = (
				9DC98F4C2BAF0584006FA21F /* Debug */,
				9DC98F4D2BAF0584006FA21F /* Release */,
			);
			defaultConfigurationIsVisible = 0;
			defaultConfigurationName = Release;
		};
		9DC98F4E2BAF0584006FA21F /* Build configuration list for PBXNativeTarget "VibeMix" */ = {
			isa = XCConfigurationList;
			buildConfigurations = (
				9DC98F4F2BAF0584006FA21F /* Debug */,
				9DC98F502BAF0584006FA21F /* Release */,
			);
			defaultConfigurationIsVisible = 0;
			defaultConfigurationName = Release;
		};
/* End XCConfigurationList section */

/* Begin XCVersionGroup section */
		9DC98F492BAF0584006FA21F /* VibeMix.xcdatamodeld */ = {
			isa = XCVersionGroup;
			children = (
				9DC98F4A2BAF0584006FA21F /* VibeMix.xcdatamodel */,
			);
			currentVersion = 9DC98F4A2BAF0584006FA21F /* VibeMix.xcdatamodel */;
			path = VibeMix.xcdatamodeld;
			sourceTree = "<group>";
			versionGroupType = wrapper.xcdatamodel;
		};
/* End XCVersionGroup section */
	};
	rootObject = 9DC98F332BAF0581006FA21F /* Project object */;
}
